
Microsoft Visual Studio Solution File, Format Version 12.00
# Visual Studio 15
VisualStudioVersion = 15.0.27703.2000
MinimumVisualStudioVersion = 10.0.40219.1
Project("{2150E333-8FDC-42A3-9474-1A3956D46DE8}") = ".nuget", ".nuget", "{DFA48E27-7D53-4955-A722-3D91A7119BE7}"
	ProjectSection(SolutionItems) = preProject
		.nuget\NuGet.Config = .nuget\NuGet.Config
		.nuget\NuGet.exe = .nuget\NuGet.exe
		.nuget\NuGet.targets = .nuget\NuGet.targets
	EndProjectSection
EndProject
Project("{FAE04EC0-301F-11D3-BF4B-00C04F79EFBC}") = "AAA.Core", "AAA.Core\AAA.Core.csproj", "{17298EA0-AF73-4F30-B6F1-2066100D7D74}"
EndProject
Project("{FAE04EC0-301F-11D3-BF4B-00C04F79EFBC}") = "AAA.Application", "AAA.Application\AAA.Application.csproj", "{EDF5D964-4C0F-4F19-B674-58A38A5E5401}"
EndProject
Project("{FAE04EC0-301F-11D3-BF4B-00C04F79EFBC}") = "AAA.EntityFramework", "AAA.EntityFramework\AAA.EntityFramework.csproj", "{3979F157-DEB0-4878-AB1D-4CEF6B5A1300}"
EndProject
Project("{FAE04EC0-301F-11D3-BF4B-00C04F79EFBC}") = "AAA.WebApi", "AAA.WebApi\AAA.WebApi.csproj", "{5EB52D3D-09FD-463A-B02A-8D9856BD3724}"
EndProject
Project("{FAE04EC0-301F-11D3-BF4B-00C04F79EFBC}") = "AAA.Web", "AAA.Web\AAA.Web.csproj", "{404A6D3B-AA85-4E4C-AEEE-1E5026D5F135}"
EndProject
Project("{9A19103F-16F7-4668-BE54-9A1E7A4F7556}") = "Zeje.Core", "Zeje.Core\Zeje.Core.csproj", "{56501D64-6AD7-4C03-8CEF-531040627C20}"
EndProject
Project("{9A19103F-16F7-4668-BE54-9A1E7A4F7556}") = "Zeje.Utils", "Zeje.Utils\Zeje.Utils.csproj", "{DD60B688-EAB5-4898-9501-A56502C6EBDA}"
EndProject
Project("{FAE04EC0-301F-11D3-BF4B-00C04F79EFBC}") = "AAA.EntityFrameworkTests", "AAA.EntityFrameworkTests\AAA.EntityFrameworkTests.csproj", "{A76F7149-5250-4C57-9A21-B455DE4FF5E8}"
EndProject
Global
	GlobalSection(SolutionConfigurationPlatforms) = preSolution
		Debug|Any CPU = Debug|Any CPU
		Release|Any CPU = Release|Any CPU
	EndGlobalSection
	GlobalSection(ProjectConfigurationPlatforms) = postSolution
		{17298EA0-AF73-4F30-B6F1-2066100D7D74}.Debug|Any CPU.ActiveCfg = Debug|Any CPU
		{17298EA0-AF73-4F30-B6F1-2066100D7D74}.Debug|Any CPU.Build.0 = Debug|Any CPU
		{17298EA0-AF73-4F30-B6F1-2066100D7D74}.Release|Any CPU.ActiveCfg = Release|Any CPU
		{17298EA0-AF73-4F30-B6F1-2066100D7D74}.Release|Any CPU.Build.0 = Release|Any CPU
		{EDF5D964-4C0F-4F19-B674-58A38A5E5401}.Debug|Any CPU.ActiveCfg = Debug|Any CPU
		{EDF5D964-4C0F-4F19-B674-58A38A5E5401}.Debug|Any CPU.Build.0 = Debug|Any CPU
		{EDF5D964-4C0F-4F19-B674-58A38A5E5401}.Release|Any CPU.ActiveCfg = Release|Any CPU
		{EDF5D964-4C0F-4F19-B674-58A38A5E5401}.Release|Any CPU.Build.0 = Release|Any CPU
		{3979F157-DEB0-4878-AB1D-4CEF6B5A1300}.Debug|Any CPU.ActiveCfg = Debug|Any CPU
		{3979F157-DEB0-4878-AB1D-4CEF6B5A1300}.Debug|Any CPU.Build.0 = Debug|Any CPU
		{3979F157-DEB0-4878-AB1D-4CEF6B5A1300}.Release|Any CPU.ActiveCfg = Release|Any CPU
		{3979F157-DEB0-4878-AB1D-4CEF6B5A1300}.Release|Any CPU.Build.0 = Release|Any CPU
		{5EB52D3D-09FD-463A-B02A-8D9856BD3724}.Debug|Any CPU.ActiveCfg = Debug|Any CPU
		{5EB52D3D-09FD-463A-B02A-8D9856BD3724}.Debug|Any CPU.Build.0 = Debug|Any CPU
		{5EB52D3D-09FD-463A-B02A-8D9856BD3724}.Release|Any CPU.ActiveCfg = Release|Any CPU
		{5EB52D3D-09FD-463A-B02A-8D9856BD3724}.Release|Any CPU.Build.0 = Release|Any CPU
		{404A6D3B-AA85-4E4C-AEEE-1E5026D5F135}.Debug|Any CPU.ActiveCfg = Debug|Any CPU
		{404A6D3B-AA85-4E4C-AEEE-1E5026D5F135}.Debug|Any CPU.Build.0 = Debug|Any CPU
		{404A6D3B-AA85-4E4C-AEEE-1E5026D5F135}.Release|Any CPU.ActiveCfg = Release|Any CPU
		{404A6D3B-AA85-4E4C-AEEE-1E5026D5F135}.Release|Any CPU.Build.0 = Release|Any CPU
		{56501D64-6AD7-4C03-8CEF-531040627C20}.Debug|Any CPU.ActiveCfg = Debug|Any CPU
		{56501D64-6AD7-4C03-8CEF-531040627C20}.Debug|Any CPU.Build.0 = Debug|Any CPU
		{56501D64-6AD7-4C03-8CEF-531040627C20}.Release|Any CPU.ActiveCfg = Release|Any CPU
		{56501D64-6AD7-4C03-8CEF-531040627C20}.Release|Any CPU.Build.0 = Release|Any CPU
		{DD60B688-EAB5-4898-9501-A56502C6EBDA}.Debug|Any CPU.ActiveCfg = Debug|Any CPU
		{DD60B688-EAB5-4898-9501-A56502C6EBDA}.Debug|Any CPU.Build.0 = Debug|Any CPU
		{DD60B688-EAB5-4898-9501-A56502C6EBDA}.Release|Any CPU.ActiveCfg = Release|Any CPU
		{DD60B688-EAB5-4898-9501-A56502C6EBDA}.Release|Any CPU.Build.0 = Release|Any CPU
		{A76F7149-5250-4C57-9A21-B455DE4FF5E8}.Debug|Any CPU.ActiveCfg = Debug|Any CPU
		{A76F7149-5250-4C57-9A21-B455DE4FF5E8}.Debug|Any CPU.Build.0 = Debug|Any CPU
		{A76F7149-5250-4C57-9A21-B455DE4FF5E8}.Release|Any CPU.ActiveCfg = Release|Any CPU
		{A76F7149-5250-4C57-9A21-B455DE4FF5E8}.Release|Any CPU.Build.0 = Release|Any CPU
	EndGlobalSection
	GlobalSection(SolutionProperties) = preSolution
		HideSolutionNode = FALSE
	EndGlobalSection
	GlobalSection(ExtensibilityGlobals) = postSolution
		SolutionGuid = {560F48D3-7DE2-4125-9455-D831C40515CF}
	EndGlobalSection
EndGlobal
